
Microsoft Visual Studio Solution File, Format Version 12.00
# Visual Studio Version 17
VisualStudioVersion = 17.13.35931.197 d17.13
MinimumVisualStudioVersion = 10.0.40219.1
Project("{FAE04EC0-301F-11D3-BF4B-00C04F79EFBC}") = "AgOpenGPSPetProject", "AgOpenGPSPetProject\AgOpenGPSPetProject.csproj", "{9135ACA4-53CA-4DF6-BEDA-367DC128EF60}"
EndProject
Global
	GlobalSection(SolutionConfigurationPlatforms) = preSolution
		Debug|Any CPU = Debug|Any CPU
		Release|Any CPU = Release|Any CPU
	EndGlobalSection
	GlobalSection(ProjectConfigurationPlatforms) = postSolution
		{9135ACA4-53CA-4DF6-BEDA-367DC128EF60}.Debug|Any CPU.ActiveCfg = Debug|Any CPU
		{9135ACA4-53CA-4DF6-BEDA-367DC128EF60}.Debug|Any CPU.Build.0 = Debug|Any CPU
		{9135ACA4-53CA-4DF6-BEDA-367DC128EF60}.Release|Any CPU.ActiveCfg = Release|Any CPU
		{9135ACA4-53CA-4DF6-BEDA-367DC128EF60}.Release|Any CPU.Build.0 = Release|Any CPU
	EndGlobalSection
	GlobalSection(SolutionProperties) = preSolution
		HideSolutionNode = FALSE
	EndGlobalSection
	GlobalSection(ExtensibilityGlobals) = postSolution
		SolutionGuid = {3C16FB32-36C2-4935-B595-7D1C24FC50E5}
	EndGlobalSection
EndGlobal
